
Microsoft Visual Studio Solution File, Format Version 12.00
# Visual Studio Version 16
VisualStudioVersion = 16.0.29519.181
MinimumVisualStudioVersion = 10.0.40219.1
Project("{9A19103F-16F7-4668-BE54-9A1E7A4F7556}") = "TripFunction", "TripFunction\TripFunction.csproj", "{BBADB87D-358E-4D21-9C55-419F9D6DFDFC}"
EndProject
Project("{9A19103F-16F7-4668-BE54-9A1E7A4F7556}") = "ScooterFunction", "ScooterFunction\ScooterFunction.csproj", "{2927A5F8-2F84-4A48-86E9-34FEB7315C15}"
EndProject
Project("{9A19103F-16F7-4668-BE54-9A1E7A4F7556}") = "ScooterApp.Domain", "ScooterApp.Domain\ScooterApp.Domain.csproj", "{1BBC2D77-AD89-41A1-A5D7-745BCCB3FA92}"
EndProject
Project("{9A19103F-16F7-4668-BE54-9A1E7A4F7556}") = "RiderOrchestratorFunction", "RiderOrchestratorFunction\RiderOrchestratorFunction.csproj", "{5EFA7173-81ED-4C0B-88C8-664BC411D818}"
EndProject
Project("{9A19103F-16F7-4668-BE54-9A1E7A4F7556}") = "ScooterApp.Service", "ScooterApp.Service\ScooterApp.Service.csproj", "{25DDF78B-1213-4912-9746-200F06FA72E7}"
EndProject
Project("{2150E333-8FDC-42A3-9474-1A3956D46DE8}") = "Scooter_Service", "Scooter_Service", "{0D27A91E-BC33-415B-831A-C7BCFE8E28E4}"
EndProject
Project("{9A19103F-16F7-4668-BE54-9A1E7A4F7556}") = "ScooterSimulator", "ScooterSimulator\ScooterSimulator.csproj", "{0466EB37-30A9-4FFF-9C7F-4432015216BB}"
EndProject
Project("{2150E333-8FDC-42A3-9474-1A3956D46DE8}") = "Common", "Common", "{69AC0E42-E53A-468A-8C9C-F38EE1AFE763}"
EndProject
Project("{2150E333-8FDC-42A3-9474-1A3956D46DE8}") = "Rider_Service", "Rider_Service", "{8956D195-9B43-4019-A1F7-F3CCEACEE5F6}"
EndProject
Project("{2150E333-8FDC-42A3-9474-1A3956D46DE8}") = "Trip_Service", "Trip_Service", "{27545659-FC78-4C2A-81FB-9686A737D4D8}"
EndProject
Project("{9A19103F-16F7-4668-BE54-9A1E7A4F7556}") = "ScooterApp.Extensions", "ScooterApp.Extensions\ScooterApp.Extensions.csproj", "{13EF4E05-B8FD-45FC-BDC9-D4D42E3BA267}"
EndProject
Project("{9A19103F-16F7-4668-BE54-9A1E7A4F7556}") = "ScooterApp.TripService", "TripService\ScooterApp.TripService.csproj", "{102B5210-A9D0-420F-9F79-4D74E909EF1F}"
EndProject
Project("{9A19103F-16F7-4668-BE54-9A1E7A4F7556}") = "TripOrchestratorFunction", "TripOrchestratorFunction\TripOrchestratorFunction.csproj", "{BAA0F6B8-17B7-4C4B-8F2D-9C1C9F9C83A0}"
EndProject
Project("{2150E333-8FDC-42A3-9474-1A3956D46DE8}") = "Invoice_Service", "Invoice_Service", "{1DAC161B-3B00-4D2E-894A-3BED579BBC90}"
EndProject
Project("{FAE04EC0-301F-11D3-BF4B-00C04F79EFBC}") = "InvoiceFunction", "InvoiceFunction\InvoiceFunction.csproj", "{E6EDA503-8AB4-450A-B49B-201E2EDFE79C}"
EndProject
Project("{FAE04EC0-301F-11D3-BF4B-00C04F79EFBC}") = "ScooterApp.InvoiceService", "ScooterApp.InvoiceService\ScooterApp.InvoiceService.csproj", "{AE058410-EEE7-426D-98FC-1099A89ACE39}"
EndProject
Global
	GlobalSection(SolutionConfigurationPlatforms) = preSolution
		Debug|Any CPU = Debug|Any CPU
		Release|Any CPU = Release|Any CPU
	EndGlobalSection
	GlobalSection(ProjectConfigurationPlatforms) = postSolution
		{BBADB87D-358E-4D21-9C55-419F9D6DFDFC}.Debug|Any CPU.ActiveCfg = Debug|Any CPU
		{BBADB87D-358E-4D21-9C55-419F9D6DFDFC}.Debug|Any CPU.Build.0 = Debug|Any CPU
		{BBADB87D-358E-4D21-9C55-419F9D6DFDFC}.Release|Any CPU.ActiveCfg = Release|Any CPU
		{BBADB87D-358E-4D21-9C55-419F9D6DFDFC}.Release|Any CPU.Build.0 = Release|Any CPU
		{2927A5F8-2F84-4A48-86E9-34FEB7315C15}.Debug|Any CPU.ActiveCfg = Debug|Any CPU
		{2927A5F8-2F84-4A48-86E9-34FEB7315C15}.Debug|Any CPU.Build.0 = Debug|Any CPU
		{2927A5F8-2F84-4A48-86E9-34FEB7315C15}.Release|Any CPU.ActiveCfg = Release|Any CPU
		{2927A5F8-2F84-4A48-86E9-34FEB7315C15}.Release|Any CPU.Build.0 = Release|Any CPU
		{1BBC2D77-AD89-41A1-A5D7-745BCCB3FA92}.Debug|Any CPU.ActiveCfg = Debug|Any CPU
		{1BBC2D77-AD89-41A1-A5D7-745BCCB3FA92}.Debug|Any CPU.Build.0 = Debug|Any CPU
		{1BBC2D77-AD89-41A1-A5D7-745BCCB3FA92}.Release|Any CPU.ActiveCfg = Release|Any CPU
		{1BBC2D77-AD89-41A1-A5D7-745BCCB3FA92}.Release|Any CPU.Build.0 = Release|Any CPU
		{5EFA7173-81ED-4C0B-88C8-664BC411D818}.Debug|Any CPU.ActiveCfg = Debug|Any CPU
		{5EFA7173-81ED-4C0B-88C8-664BC411D818}.Debug|Any CPU.Build.0 = Debug|Any CPU
		{5EFA7173-81ED-4C0B-88C8-664BC411D818}.Release|Any CPU.ActiveCfg = Release|Any CPU
		{5EFA7173-81ED-4C0B-88C8-664BC411D818}.Release|Any CPU.Build.0 = Release|Any CPU
		{25DDF78B-1213-4912-9746-200F06FA72E7}.Debug|Any CPU.ActiveCfg = Debug|Any CPU
		{25DDF78B-1213-4912-9746-200F06FA72E7}.Debug|Any CPU.Build.0 = Debug|Any CPU
		{25DDF78B-1213-4912-9746-200F06FA72E7}.Release|Any CPU.ActiveCfg = Release|Any CPU
		{25DDF78B-1213-4912-9746-200F06FA72E7}.Release|Any CPU.Build.0 = Release|Any CPU
		{0466EB37-30A9-4FFF-9C7F-4432015216BB}.Debug|Any CPU.ActiveCfg = Debug|Any CPU
		{0466EB37-30A9-4FFF-9C7F-4432015216BB}.Debug|Any CPU.Build.0 = Debug|Any CPU
		{0466EB37-30A9-4FFF-9C7F-4432015216BB}.Release|Any CPU.ActiveCfg = Release|Any CPU
		{0466EB37-30A9-4FFF-9C7F-4432015216BB}.Release|Any CPU.Build.0 = Release|Any CPU
		{13EF4E05-B8FD-45FC-BDC9-D4D42E3BA267}.Debug|Any CPU.ActiveCfg = Debug|Any CPU
		{13EF4E05-B8FD-45FC-BDC9-D4D42E3BA267}.Debug|Any CPU.Build.0 = Debug|Any CPU
		{13EF4E05-B8FD-45FC-BDC9-D4D42E3BA267}.Release|Any CPU.ActiveCfg = Release|Any CPU
		{13EF4E05-B8FD-45FC-BDC9-D4D42E3BA267}.Release|Any CPU.Build.0 = Release|Any CPU
		{102B5210-A9D0-420F-9F79-4D74E909EF1F}.Debug|Any CPU.ActiveCfg = Debug|Any CPU
		{102B5210-A9D0-420F-9F79-4D74E909EF1F}.Debug|Any CPU.Build.0 = Debug|Any CPU
		{102B5210-A9D0-420F-9F79-4D74E909EF1F}.Release|Any CPU.ActiveCfg = Release|Any CPU
		{102B5210-A9D0-420F-9F79-4D74E909EF1F}.Release|Any CPU.Build.0 = Release|Any CPU
		{BAA0F6B8-17B7-4C4B-8F2D-9C1C9F9C83A0}.Debug|Any CPU.ActiveCfg = Debug|Any CPU
		{BAA0F6B8-17B7-4C4B-8F2D-9C1C9F9C83A0}.Debug|Any CPU.Build.0 = Debug|Any CPU
		{BAA0F6B8-17B7-4C4B-8F2D-9C1C9F9C83A0}.Release|Any CPU.ActiveCfg = Release|Any CPU
		{BAA0F6B8-17B7-4C4B-8F2D-9C1C9F9C83A0}.Release|Any CPU.Build.0 = Release|Any CPU
		{E6EDA503-8AB4-450A-B49B-201E2EDFE79C}.Debug|Any CPU.ActiveCfg = Debug|Any CPU
		{E6EDA503-8AB4-450A-B49B-201E2EDFE79C}.Debug|Any CPU.Build.0 = Debug|Any CPU
		{E6EDA503-8AB4-450A-B49B-201E2EDFE79C}.Release|Any CPU.ActiveCfg = Release|Any CPU
		{E6EDA503-8AB4-450A-B49B-201E2EDFE79C}.Release|Any CPU.Build.0 = Release|Any CPU
		{AE058410-EEE7-426D-98FC-1099A89ACE39}.Debug|Any CPU.ActiveCfg = Debug|Any CPU
		{AE058410-EEE7-426D-98FC-1099A89ACE39}.Debug|Any CPU.Build.0 = Debug|Any CPU
		{AE058410-EEE7-426D-98FC-1099A89ACE39}.Release|Any CPU.ActiveCfg = Release|Any CPU
		{AE058410-EEE7-426D-98FC-1099A89ACE39}.Release|Any CPU.Build.0 = Release|Any CPU
	EndGlobalSection
	GlobalSection(SolutionProperties) = preSolution
		HideSolutionNode = FALSE
	EndGlobalSection
	GlobalSection(NestedProjects) = preSolution
		{BBADB87D-358E-4D21-9C55-419F9D6DFDFC} = {27545659-FC78-4C2A-81FB-9686A737D4D8}
		{2927A5F8-2F84-4A48-86E9-34FEB7315C15} = {0D27A91E-BC33-415B-831A-C7BCFE8E28E4}
		{1BBC2D77-AD89-41A1-A5D7-745BCCB3FA92} = {69AC0E42-E53A-468A-8C9C-F38EE1AFE763}
		{5EFA7173-81ED-4C0B-88C8-664BC411D818} = {8956D195-9B43-4019-A1F7-F3CCEACEE5F6}
		{25DDF78B-1213-4912-9746-200F06FA72E7} = {0D27A91E-BC33-415B-831A-C7BCFE8E28E4}
		{0466EB37-30A9-4FFF-9C7F-4432015216BB} = {0D27A91E-BC33-415B-831A-C7BCFE8E28E4}
		{13EF4E05-B8FD-45FC-BDC9-D4D42E3BA267} = {69AC0E42-E53A-468A-8C9C-F38EE1AFE763}
		{102B5210-A9D0-420F-9F79-4D74E909EF1F} = {27545659-FC78-4C2A-81FB-9686A737D4D8}
		{BAA0F6B8-17B7-4C4B-8F2D-9C1C9F9C83A0} = {27545659-FC78-4C2A-81FB-9686A737D4D8}
		{E6EDA503-8AB4-450A-B49B-201E2EDFE79C} = {1DAC161B-3B00-4D2E-894A-3BED579BBC90}
		{AE058410-EEE7-426D-98FC-1099A89ACE39} = {1DAC161B-3B00-4D2E-894A-3BED579BBC90}
	EndGlobalSection
	GlobalSection(ExtensibilityGlobals) = postSolution
		SolutionGuid = {73EE3089-CF97-4CFD-B440-5C4C2E7610C6}
	EndGlobalSection
EndGlobal
